// !$*UTF8*$!
{
	archiveVersion = 1;
	classes = {
	};
	objectVersion = 46;
	objects = {

/* Begin PBXBuildFile section */
		027BCFE2E818BF3B4184EAEE /* libPods-TSTableView.a in Frameworks */ = {isa = PBXBuildFile; fileRef = CB8872CD38E8937ACDDBD6AD /* libPods-TSTableView.a */; };
		F6871C441ECC329C003928D9 /* main.m in Sources */ = {isa = PBXBuildFile; fileRef = F6871C431ECC329C003928D9 /* main.m */; };
		F6871C471ECC329C003928D9 /* AppDelegate.m in Sources */ = {isa = PBXBuildFile; fileRef = F6871C461ECC329C003928D9 /* AppDelegate.m */; };
		F6871C4A1ECC329C003928D9 /* ViewController.m in Sources */ = {isa = PBXBuildFile; fileRef = F6871C491ECC329C003928D9 /* ViewController.m */; };
		F6871C4F1ECC329C003928D9 /* Assets.xcassets in Resources */ = {isa = PBXBuildFile; fileRef = F6871C4E1ECC329C003928D9 /* Assets.xcassets */; };
		F6871C521ECC329C003928D9 /* LaunchScreen.storyboard in Resources */ = {isa = PBXBuildFile; fileRef = F6871C501ECC329C003928D9 /* LaunchScreen.storyboard */; };
		F6871C5B1ECC333C003928D9 /* ViewController+TestDataDefinition.m in Sources */ = {isa = PBXBuildFile; fileRef = F6871C5A1ECC333C003928D9 /* ViewController+TestDataDefinition.m */; };
/* End PBXBuildFile section */

/* Begin PBXFileReference section */
		2D7FF4E3EC499E7B811605D9 /* Pods-TSTableView.debug.xcconfig */ = {isa = PBXFileReference; includeInIndex = 1; lastKnownFileType = text.xcconfig; name = "Pods-TSTableView.debug.xcconfig"; path = "Pods/Target Support Files/Pods-TSTableView/Pods-TSTableView.debug.xcconfig"; sourceTree = "<group>"; };
		763E37928D4E3E0D96C281F6 /* Pods-TSTableView.release.xcconfig */ = {isa = PBXFileReference; includeInIndex = 1; lastKnownFileType = text.xcconfig; name = "Pods-TSTableView.release.xcconfig"; path = "Pods/Target Support Files/Pods-TSTableView/Pods-TSTableView.release.xcconfig"; sourceTree = "<group>"; };
		CB8872CD38E8937ACDDBD6AD /* libPods-TSTableView.a */ = {isa = PBXFileReference; explicitFileType = archive.ar; includeInIndex = 0; path = "libPods-TSTableView.a"; sourceTree = BUILT_PRODUCTS_DIR; };
		F6871C3F1ECC329C003928D9 /* TSTableView.app */ = {isa = PBXFileReference; explicitFileType = wrapper.application; includeInIndex = 0; path = TSTableView.app; sourceTree = BUILT_PRODUCTS_DIR; };
		F6871C431ECC329C003928D9 /* main.m */ = {isa = PBXFileReference; lastKnownFileType = sourcecode.c.objc; path = main.m; sourceTree = "<group>"; };
		F6871C451ECC329C003928D9 /* AppDelegate.h */ = {isa = PBXFileReference; lastKnownFileType = sourcecode.c.h; path = AppDelegate.h; sourceTree = "<group>"; };
		F6871C461ECC329C003928D9 /* AppDelegate.m */ = {isa = PBXFileReference; lastKnownFileType = sourcecode.c.objc; path = AppDelegate.m; sourceTree = "<group>"; };
		F6871C481ECC329C003928D9 /* ViewController.h */ = {isa = PBXFileReference; lastKnownFileType = sourcecode.c.h; path = ViewController.h; sourceTree = "<group>"; };
		F6871C491ECC329C003928D9 /* ViewController.m */ = {isa = PBXFileReference; lastKnownFileType = sourcecode.c.objc; path = ViewController.m; sourceTree = "<group>"; };
		F6871C4E1ECC329C003928D9 /* Assets.xcassets */ = {isa = PBXFileReference; lastKnownFileType = folder.assetcatalog; path = Assets.xcassets; sourceTree = "<group>"; };
		F6871C511ECC329C003928D9 /* Base */ = {isa = PBXFileReference; lastKnownFileType = file.storyboard; name = Base; path = Base.lproj/LaunchScreen.storyboard; sourceTree = "<group>"; };
		F6871C531ECC329C003928D9 /* Info.plist */ = {isa = PBXFileReference; lastKnownFileType = text.plist.xml; path = Info.plist; sourceTree = "<group>"; };
		F6871C591ECC333C003928D9 /* ViewController+TestDataDefinition.h */ = {isa = PBXFileReference; fileEncoding = 4; lastKnownFileType = sourcecode.c.h; path = "ViewController+TestDataDefinition.h"; sourceTree = "<group>"; };
		F6871C5A1ECC333C003928D9 /* ViewController+TestDataDefinition.m */ = {isa = PBXFileReference; fileEncoding = 4; lastKnownFileType = sourcecode.c.objc; path = "ViewController+TestDataDefinition.m"; sourceTree = "<group>"; };
/* End PBXFileReference section */

/* Begin PBXFrameworksBuildPhase section */
		F6871C3C1ECC329C003928D9 /* Frameworks */ = {
			isa = PBXFrameworksBuildPhase;
			buildActionMask = 2147483647;
			files = (
				027BCFE2E818BF3B4184EAEE /* libPods-TSTableView.a in Frameworks */,
			);
			runOnlyForDeploymentPostprocessing = 0;
		};
/* End PBXFrameworksBuildPhase section */

/* Begin PBXGroup section */
		34E13E4AF54026BA4FF8CEB3 /* Pods */ = {
			isa = PBXGroup;
			children = (
				2D7FF4E3EC499E7B811605D9 /* Pods-TSTableView.debug.xcconfig */,
				763E37928D4E3E0D96C281F6 /* Pods-TSTableView.release.xcconfig */,
			);
			name = Pods;
			sourceTree = "<group>";
		};
		A9A4EE46BA189D89934AF81A /* Frameworks */ = {
			isa = PBXGroup;
			children = (
				CB8872CD38E8937ACDDBD6AD /* libPods-TSTableView.a */,
			);
			name = Frameworks;
			sourceTree = "<group>";
		};
		F6871C361ECC329C003928D9 = {
			isa = PBXGroup;
			children = (
				F6871C411ECC329C003928D9 /* TSTableView */,
				F6871C401ECC329C003928D9 /* Products */,
				34E13E4AF54026BA4FF8CEB3 /* Pods */,
				A9A4EE46BA189D89934AF81A /* Frameworks */,
			);
			sourceTree = "<group>";
		};
		F6871C401ECC329C003928D9 /* Products */ = {
			isa = PBXGroup;
			children = (
				F6871C3F1ECC329C003928D9 /* TSTableView.app */,
			);
			name = Products;
			sourceTree = "<group>";
		};
		F6871C411ECC329C003928D9 /* TSTableView */ = {
			isa = PBXGroup;
			children = (
				F6871C451ECC329C003928D9 /* AppDelegate.h */,
				F6871C461ECC329C003928D9 /* AppDelegate.m */,
				F6871C591ECC333C003928D9 /* ViewController+TestDataDefinition.h */,
				F6871C5A1ECC333C003928D9 /* ViewController+TestDataDefinition.m */,
				F6871C481ECC329C003928D9 /* ViewController.h */,
				F6871C491ECC329C003928D9 /* ViewController.m */,
				F6871C4E1ECC329C003928D9 /* Assets.xcassets */,
				F6871C501ECC329C003928D9 /* LaunchScreen.storyboard */,
				F6871C531ECC329C003928D9 /* Info.plist */,
				F6871C421ECC329C003928D9 /* Supporting Files */,
			);
			path = TSTableView;
			sourceTree = "<group>";
		};
		F6871C421ECC329C003928D9 /* Supporting Files */ = {
			isa = PBXGroup;
			children = (
				F6871C431ECC329C003928D9 /* main.m */,
			);
			name = "Supporting Files";
			sourceTree = "<group>";
		};
/* End PBXGroup section */

/* Begin PBXNativeTarget section */
		F6871C3E1ECC329C003928D9 /* TSTableView */ = {
			isa = PBXNativeTarget;
			buildConfigurationList = F6871C561ECC329C003928D9 /* Build configuration list for PBXNativeTarget "TSTableView" */;
			buildPhases = (
				AAE7CBCE8F82B19F36DDF043 /* [CP] Check Pods Manifest.lock */,
				F6871C3B1ECC329C003928D9 /* Sources */,
				F6871C3C1ECC329C003928D9 /* Frameworks */,
				F6871C3D1ECC329C003928D9 /* Resources */,
				EB237B2622451B2CEDC17948 /* [CP] Embed Pods Frameworks */,
				2BB1D0B6C6200AC564507D61 /* [CP] Copy Pods Resources */,
			);
			buildRules = (
			);
			dependencies = (
			);
			name = TSTableView;
			productName = TSTableView;
			productReference = F6871C3F1ECC329C003928D9 /* TSTableView.app */;
			productType = "com.apple.product-type.application";
		};
/* End PBXNativeTarget section */

/* Begin PBXProject section */
		F6871C371ECC329C003928D9 /* Project object */ = {
			isa = PBXProject;
			attributes = {
				LastUpgradeCheck = 0830;
				ORGANIZATIONNAME = "Don Yang";
				TargetAttributes = {
					F6871C3E1ECC329C003928D9 = {
						CreatedOnToolsVersion = 8.3.2;
						DevelopmentTeam = RJ9H5X8SFM;
						ProvisioningStyle = Automatic;
					};
				};
			};
			buildConfigurationList = F6871C3A1ECC329C003928D9 /* Build configuration list for PBXProject "TSTableView" */;
			compatibilityVersion = "Xcode 3.2";
			developmentRegion = English;
			hasScannedForEncodings = 0;
			knownRegions = (
				en,
				Base,
			);
			mainGroup = F6871C361ECC329C003928D9;
			productRefGroup = F6871C401ECC329C003928D9 /* Products */;
			projectDirPath = "";
			projectRoot = "";
			targets = (
				F6871C3E1ECC329C003928D9 /* TSTableView */,
			);
		};
/* End PBXProject section */

/* Begin PBXResourcesBuildPhase section */
		F6871C3D1ECC329C003928D9 /* Resources */ = {
			isa = PBXResourcesBuildPhase;
			buildActionMask = 2147483647;
			files = (
				F6871C521ECC329C003928D9 /* LaunchScreen.storyboard in Resources */,
				F6871C4F1ECC329C003928D9 /* Assets.xcassets in Resources */,
			);
			runOnlyForDeploymentPostprocessing = 0;
		};
/* End PBXResourcesBuildPhase section */

/* Begin PBXShellScriptBuildPhase section */
		2BB1D0B6C6200AC564507D61 /* [CP] Copy Pods Resources */ = {
			isa = PBXShellScriptBuildPhase;
			buildActionMask = 2147483647;
			files = (
			);
			inputPaths = (
			);
			name = "[CP] Copy Pods Resources";
			outputPaths = (
			);
			runOnlyForDeploymentPostprocessing = 0;
			shellPath = /bin/sh;
			shellScript = "\"${SRCROOT}/Pods/Target Support Files/Pods-TSTableView/Pods-TSTableView-resources.sh\"\n";
			showEnvVarsInLog = 0;
		};
		AAE7CBCE8F82B19F36DDF043 /* [CP] Check Pods Manifest.lock */ = {
			isa = PBXShellScriptBuildPhase;
			buildActionMask = 2147483647;
			files = (
			);
			inputPaths = (
			);
			name = "[CP] Check Pods Manifest.lock";
			outputPaths = (
			);
			runOnlyForDeploymentPostprocessing = 0;
			shellPath = /bin/sh;
			shellScript = "diff \"${PODS_PODFILE_DIR_PATH}/Podfile.lock\" \"${PODS_ROOT}/Manifest.lock\" > /dev/null\nif [ $? != 0 ] ; then\n    # print error to STDERR\n    echo \"error: The sandbox is not in sync with the Podfile.lock. Run 'pod install' or update your CocoaPods installation.\" >&2\n    exit 1\nfi\n";
			showEnvVarsInLog = 0;
		};
		EB237B2622451B2CEDC17948 /* [CP] Embed Pods Frameworks */ = {
			isa = PBXShellScriptBuildPhase;
			buildActionMask = 2147483647;
			files = (
			);
			inputPaths = (
			);
			name = "[CP] Embed Pods Frameworks";
			outputPaths = (
			);
			runOnlyForDeploymentPostprocessing = 0;
			shellPath = /bin/sh;
			shellScript = "\"${SRCROOT}/Pods/Target Support Files/Pods-TSTableView/Pods-TSTableView-frameworks.sh\"\n";
			showEnvVarsInLog = 0;
		};
/* End PBXShellScriptBuildPhase section */

/* Begin PBXSourcesBuildPhase section */
		F6871C3B1ECC329C003928D9 /* Sources */ = {
			isa = PBXSourcesBuildPhase;
			buildActionMask = 2147483647;
			files = (
				F6871C4A1ECC329C003928D9 /* ViewController.m in Sources */,
				F6871C5B1ECC333C003928D9 /* ViewController+TestDataDefinition.m in Sources */,
				F6871C471ECC329C003928D9 /* AppDelegate.m in Sources */,
				F6871C441ECC329C003928D9 /* main.m in Sources */,
			);
			runOnlyForDeploymentPostprocessing = 0;
		};
/* End PBXSourcesBuildPhase section */

/* Begin PBXVariantGroup section */
		F6871C501ECC329C003928D9 /* LaunchScreen.storyboard */ = {
			isa = PBXVariantGroup;
			children = (
				F6871C511ECC329C003928D9 /* Base */,
			);
			name = LaunchScreen.storyboard;
			sourceTree = "<group>";
		};
/* End PBXVariantGroup section */

/* Begin XCBuildConfiguration section */
		F6871C541ECC329C003928D9 /* Debug */ = {
			isa = XCBuildConfiguration;
			buildSettings = {
				ALWAYS_SEARCH_USER_PATHS = NO;
				CLANG_ANALYZER_NONNULL = YES;
				CLANG_ANALYZER_NUMBER_OBJECT_CONVERSION = YES_AGGRESSIVE;
				CLANG_CXX_LANGUAGE_STANDARD = "gnu++0x";
				CLANG_CXX_LIBRARY = "libc++";
				CLANG_ENABLE_MODULES = YES;
				CLANG_ENABLE_OBJC_ARC = YES;
				CLANG_WARN_BOOL_CONVERSION = YES;
				CLANG_WARN_CONSTANT_CONVERSION = YES;
				CLANG_WARN_DIRECT_OBJC_ISA_USAGE = YES_ERROR;
				CLANG_WARN_DOCUMENTATION_COMMENTS = YES;
				CLANG_WARN_EMPTY_BODY = YES;
				CLANG_WARN_ENUM_CONVERSION = YES;
				CLANG_WARN_INFINITE_RECURSION = YES;
				CLANG_WARN_INT_CONVERSION = YES;
				CLANG_WARN_OBJC_ROOT_CLASS = YES_ERROR;
				CLANG_WARN_SUSPICIOUS_MOVE = YES;
				CLANG_WARN_UNREACHABLE_CODE = YES;
				CLANG_WARN__DUPLICATE_METHOD_MATCH = YES;
				"CODE_SIGN_IDENTITY[sdk=iphoneos*]" = "iPhone Developer";
				COPY_PHASE_STRIP = NO;
				DEBUG_INFORMATION_FORMAT = dwarf;
				ENABLE_STRICT_OBJC_MSGSEND = YES;
				ENABLE_TESTABILITY = YES;
				GCC_C_LANGUAGE_STANDARD = gnu99;
				GCC_DYNAMIC_NO_PIC = NO;
				GCC_NO_COMMON_BLOCKS = YES;
				GCC_OPTIMIZATION_LEVEL = 0;
				GCC_PREPROCESSOR_DEFINITIONS = (
					"DEBUG=1",
					"$(inherited)",
				);
				GCC_WARN_64_TO_32_BIT_CONVERSION = YES;
				GCC_WARN_ABOUT_RETURN_TYPE = YES_ERROR;
				GCC_WARN_UNDECLARED_SELECTOR = YES;
				GCC_WARN_UNINITIALIZED_AUTOS = YES_AGGRESSIVE;
				GCC_WARN_UNUSED_FUNCTION = YES;
				GCC_WARN_UNUSED_VARIABLE = YES;
				IPHONEOS_DEPLOYMENT_TARGET = 10.3;
				MTL_ENABLE_DEBUG_INFO = YES;
				ONLY_ACTIVE_ARCH = YES;
				SDKROOT = iphoneos;
				TARGETED_DEVICE_FAMILY = "1,2";
			};
			name = Debug;
		};
		F6871C551ECC329C003928D9 /* Release */ = {
			isa = XCBuildConfiguration;
			buildSettings = {
				ALWAYS_SEARCH_USER_PATHS = NO;
				CLANG_ANALYZER_NONNULL = YES;
				CLANG_ANALYZER_NUMBER_OBJECT_CONVERSION = YES_AGGRESSIVE;
				CLANG_CXX_LANGUAGE_STANDARD = "gnu++0x";
				CLANG_CXX_LIBRARY = "libc++";
				CLANG_ENABLE_MODULES = YES;
				CLANG_ENABLE_OBJC_ARC = YES;
				CLANG_WARN_BOOL_CONVERSION = YES;
				CLANG_WARN_CONSTANT_CONVERSION = YES;
				CLANG_WARN_DIRECT_OBJC_ISA_USAGE = YES_ERROR;
				CLANG_WARN_DOCUMENTATION_COMMENTS = YES;
				CLANG_WARN_EMPTY_BODY = YES;
				CLANG_WARN_ENUM_CONVERSION = YES;
				CLANG_WARN_INFINITE_RECURSION = YES;
				CLANG_WARN_INT_CONVERSION = YES;
				CLANG_WARN_OBJC_ROOT_CLASS = YES_ERROR;
				CLANG_WARN_SUSPICIOUS_MOVE = YES;
				CLANG_WARN_UNREACHABLE_CODE = YES;
				CLANG_WARN__DUPLICATE_METHOD_MATCH = YES;
				"CODE_SIGN_IDENTITY[sdk=iphoneos*]" = "iPhone Developer";
				COPY_PHASE_STRIP = NO;
				DEBUG_INFORMATION_FORMAT = "dwarf-with-dsym";
				ENABLE_NS_ASSERTIONS = NO;
				ENABLE_STRICT_OBJC_MSGSEND = YES;
				GCC_C_LANGUAGE_STANDARD = gnu99;
				GCC_NO_COMMON_BLOCKS = YES;
				GCC_WARN_64_TO_32_BIT_CONVERSION = YES;
				GCC_WARN_ABOUT_RETURN_TYPE = YES_ERROR;
				GCC_WARN_UNDECLARED_SELECTOR = YES;
				GCC_WARN_UNINITIALIZED_AUTOS = YES_AGGRESSIVE;
				GCC_WARN_UNUSED_FUNCTION = YES;
				GCC_WARN_UNUSED_VARIABLE = YES;
				IPHONEOS_DEPLOYMENT_TARGET = 10.3;
				MTL_ENABLE_DEBUG_INFO = NO;
				SDKROOT = iphoneos;
				TARGETED_DEVICE_FAMILY = "1,2";
				VALIDATE_PRODUCT = YES;
			};
			name = Release;
		};
		F6871C571ECC329C003928D9 /* Debug */ = {
			isa = XCBuildConfiguration;
			baseConfigurationReference = 2D7FF4E3EC499E7B811605D9 /* Pods-TSTableView.debug.xcconfig */;
			buildSettings = {
				ASSETCATALOG_COMPILER_APPICON_NAME = AppIcon;
				DEVELOPMENT_TEAM = RJ9H5X8SFM;
				INFOPLIST_FILE = TSTableView/Info.plist;
				IPHONEOS_DEPLOYMENT_TARGET = 7.0;
				LD_RUNPATH_SEARCH_PATHS = "$(inherited) @executable_path/Frameworks";
				PRODUCT_BUNDLE_IDENTIFIER = com.github.donyang.TSTableView;
				PRODUCT_NAME = "$(TARGET_NAME)";
			};
			name = Debug;
		};
		F6871C581ECC329C003928D9 /* Release */ = {
			isa = XCBuildConfiguration;
			baseConfigurationReference = 763E37928D4E3E0D96C281F6 /* Pods-TSTableView.release.xcconfig */;
			buildSettings = {
				ASSETCATALOG_COMPILER_APPICON_NAME = AppIcon;
				DEVELOPMENT_TEAM = RJ9H5X8SFM;
				INFOPLIST_FILE = TSTableView/Info.plist;
				IPHONEOS_DEPLOYMENT_TARGET = 7.0;
				LD_RUNPATH_SEARCH_PATHS = "$(inherited) @executable_path/Frameworks";
				PRODUCT_BUNDLE_IDENTIFIER = com.github.donyang.TSTableView;
				PRODUCT_NAME = "$(TARGET_NAME)";
			};
			name = Release;
		};
/* End XCBuildConfiguration section */

/* Begin XCConfigurationList section */
		F6871C3A1ECC329C003928D9 /* Build configuration list for PBXProject "TSTableView" */ = {
			isa = XCConfigurationList;
			buildConfigurations = (
				F6871C541ECC329C003928D9 /* Debug */,
				F6871C551ECC329C003928D9 /* Release */,
			);
			defaultConfigurationIsVisible = 0;
			defaultConfigurationName = Release;
		};
		F6871C561ECC329C003928D9 /* Build configuration list for PBXNativeTarget "TSTableView" */ = {
			isa = XCConfigurationList;
			buildConfigurations = (
				F6871C571ECC329C003928D9 /* Debug */,
				F6871C581ECC329C003928D9 /* Release */,
			);
			defaultConfigurationIsVisible = 0;
			defaultConfigurationName = Release;
		};
/* End XCConfigurationList section */
	};
	rootObject = F6871C371ECC329C003928D9 /* Project object */;
}
